{
  "requires": true,
  "lockfileVersion": 1,
  "dependencies": {
    "@mdi/js": {
      "version": "5.0.45",
      "resolved": "https://registry.npmjs.org/@mdi/js/-/js-5.0.45.tgz",
      "integrity": "sha512-zYNV7g+nhURRTnZbFDEIm1XHWWbj6lyqFg9ZqQ72p918UuR6+L/0s1FeM57EhGmNQsCiN/Ika42H1owD91f3Iw=="
    }
  }
}
